<?xml version="1.0" encoding="utf-8"?>
<Project ToolsVersion="15.0" xmlns="http://schemas.microsoft.com/developer/msbuild/2003">
  <ItemGroup>
    <ClCompile Include="C:\Users\marc\workspace\TIC-80\3rd-party\SDL2_net-2.0.1\SDLnet.c">
      <Filter>Source Files</Filter>
    </ClCompile>
    <ClCompile Include="C:\Users\marc\workspace\TIC-80\3rd-party\SDL2_net-2.0.1\SDLnetTCP.c">
      <Filter>Source Files</Filter>
    </ClCompile>
    <ClCompile Include="C:\Users\marc\workspace\TIC-80\3rd-party\SDL2_net-2.0.1\SDLnetselect.c">
      <Filter>Source Files</Filter>
    </ClCompile>
  </ItemGroup>
  <ItemGroup>
    <CustomBuild Include="C:\Users\marc\workspace\TIC-80\CMakeLists.txt" />
  </ItemGroup>
  <ItemGroup>
    <Filter Include="Source Files">
      <UniqueIdentifier>{0112ABD4-F4F1-3F41-9B72-2C3C69B44F6F}</UniqueIdentifier>
    </Filter>
  </ItemGroup>
</Project>
