<?xml version="1.0" encoding="utf-8"?>
<Project ToolsVersion="15.0" xmlns="http://schemas.microsoft.com/developer/msbuild/2003">
  <ItemGroup>
    <ClCompile Include="C:\Users\marc\workspace\TIC-80\3rd-party\squirrel\squirrel\sqapi.cpp">
      <Filter>Source Files</Filter>
    </ClCompile>
    <ClCompile Include="C:\Users\marc\workspace\TIC-80\3rd-party\squirrel\squirrel\sqbaselib.cpp">
      <Filter>Source Files</Filter>
    </ClCompile>
    <ClCompile Include="C:\Users\marc\workspace\TIC-80\3rd-party\squirrel\squirrel\sqclass.cpp">
      <Filter>Source Files</Filter>
    </ClCompile>
    <ClCompile Include="C:\Users\marc\workspace\TIC-80\3rd-party\squirrel\squirrel\sqcompiler.cpp">
      <Filter>Source Files</Filter>
    </ClCompile>
    <ClCompile Include="C:\Users\marc\workspace\TIC-80\3rd-party\squirrel\squirrel\sqdebug.cpp">
      <Filter>Source Files</Filter>
    </ClCompile>
    <ClCompile Include="C:\Users\marc\workspace\TIC-80\3rd-party\squirrel\squirrel\sqfuncstate.cpp">
      <Filter>Source Files</Filter>
    </ClCompile>
    <ClCompile Include="C:\Users\marc\workspace\TIC-80\3rd-party\squirrel\squirrel\sqlexer.cpp">
      <Filter>Source Files</Filter>
    </ClCompile>
    <ClCompile Include="C:\Users\marc\workspace\TIC-80\3rd-party\squirrel\squirrel\sqmem.cpp">
      <Filter>Source Files</Filter>
    </ClCompile>
    <ClCompile Include="C:\Users\marc\workspace\TIC-80\3rd-party\squirrel\squirrel\sqobject.cpp">
      <Filter>Source Files</Filter>
    </ClCompile>
    <ClCompile Include="C:\Users\marc\workspace\TIC-80\3rd-party\squirrel\squirrel\sqstate.cpp">
      <Filter>Source Files</Filter>
    </ClCompile>
    <ClCompile Include="C:\Users\marc\workspace\TIC-80\3rd-party\squirrel\squirrel\sqtable.cpp">
      <Filter>Source Files</Filter>
    </ClCompile>
    <ClCompile Include="C:\Users\marc\workspace\TIC-80\3rd-party\squirrel\squirrel\sqvm.cpp">
      <Filter>Source Files</Filter>
    </ClCompile>
    <ClCompile Include="C:\Users\marc\workspace\TIC-80\3rd-party\squirrel\sqstdlib\sqstdaux.cpp">
      <Filter>Source Files</Filter>
    </ClCompile>
    <ClCompile Include="C:\Users\marc\workspace\TIC-80\3rd-party\squirrel\sqstdlib\sqstdblob.cpp">
      <Filter>Source Files</Filter>
    </ClCompile>
    <ClCompile Include="C:\Users\marc\workspace\TIC-80\3rd-party\squirrel\sqstdlib\sqstdio.cpp">
      <Filter>Source Files</Filter>
    </ClCompile>
    <ClCompile Include="C:\Users\marc\workspace\TIC-80\3rd-party\squirrel\sqstdlib\sqstdmath.cpp">
      <Filter>Source Files</Filter>
    </ClCompile>
    <ClCompile Include="C:\Users\marc\workspace\TIC-80\3rd-party\squirrel\sqstdlib\sqstdrex.cpp">
      <Filter>Source Files</Filter>
    </ClCompile>
    <ClCompile Include="C:\Users\marc\workspace\TIC-80\3rd-party\squirrel\sqstdlib\sqstdstream.cpp">
      <Filter>Source Files</Filter>
    </ClCompile>
    <ClCompile Include="C:\Users\marc\workspace\TIC-80\3rd-party\squirrel\sqstdlib\sqstdstring.cpp">
      <Filter>Source Files</Filter>
    </ClCompile>
    <ClCompile Include="C:\Users\marc\workspace\TIC-80\3rd-party\squirrel\sqstdlib\sqstdsystem.cpp">
      <Filter>Source Files</Filter>
    </ClCompile>
  </ItemGroup>
  <ItemGroup>
    <CustomBuild Include="C:\Users\marc\workspace\TIC-80\CMakeLists.txt" />
  </ItemGroup>
  <ItemGroup>
    <Filter Include="Source Files">
      <UniqueIdentifier>{0112ABD4-F4F1-3F41-9B72-2C3C69B44F6F}</UniqueIdentifier>
    </Filter>
  </ItemGroup>
</Project>
