Microsoft Visual Studio Solution File, Format Version 12.00
# Visual Studio 15
Project("{8BC9CEB8-8B4A-11D0-8D11-00A0C91BC942}") = "ALL_BUILD", "ALL_BUILD.vcxproj", "{AB0B4B57-74EB-3534-9CC9-F9D03A4F2BA9}"
	ProjectSection(ProjectDependencies) = postProject
		{6F9BE9BD-8BEA-3196-BEBB-0B05DE90A2C8} = {6F9BE9BD-8BEA-3196-BEBB-0B05DE90A2C8}
		{417D9F3C-ADC4-3EAF-A8E3-D80B2BF915CA} = {417D9F3C-ADC4-3EAF-A8E3-D80B2BF915CA}
		{58E51FCE-C4F8-3076-8F6C-4DB52A823663} = {58E51FCE-C4F8-3076-8F6C-4DB52A823663}
		{C80CA176-A31E-3554-8903-60DDCB92DF11} = {C80CA176-A31E-3554-8903-60DDCB92DF11}
		{E114A6F6-FF7B-3D8E-87AF-2D91EB5FD7F0} = {E114A6F6-FF7B-3D8E-87AF-2D91EB5FD7F0}
		{17E83383-D16C-3883-B9F1-27881A2E3417} = {17E83383-D16C-3883-B9F1-27881A2E3417}
		{44509769-979D-347F-BDAB-FE67C42761DC} = {44509769-979D-347F-BDAB-FE67C42761DC}
		{66CF9A9F-A96B-3BBB-8D62-92683E1180CC} = {66CF9A9F-A96B-3BBB-8D62-92683E1180CC}
		{884131B0-2211-3F7F-A9E5-2300B6FF04F0} = {884131B0-2211-3F7F-A9E5-2300B6FF04F0}
		{F3745B36-2857-31AB-ACA5-A2AD36AFDFA7} = {F3745B36-2857-31AB-ACA5-A2AD36AFDFA7}
		{168C788E-4B17-31F4-8242-F32DE90D4231} = {168C788E-4B17-31F4-8242-F32DE90D4231}
		{10074DAA-89D9-3374-851B-B9D4746E947D} = {10074DAA-89D9-3374-851B-B9D4746E947D}
		{5BEBD576-45FF-3C38-B792-C8775C07B8E1} = {5BEBD576-45FF-3C38-B792-C8775C07B8E1}
		{7696F1AE-1D57-3FCE-9AC9-854343319883} = {7696F1AE-1D57-3FCE-9AC9-854343319883}
		{59B86A18-062B-3DED-B43A-4F3927B7C359} = {59B86A18-062B-3DED-B43A-4F3927B7C359}
		{C8E975DD-A290-3CE2-8BA7-4394AF569AD5} = {C8E975DD-A290-3CE2-8BA7-4394AF569AD5}
		{BDD2A8C3-F6EF-3D04-8B58-2FE0F3938CD8} = {BDD2A8C3-F6EF-3D04-8B58-2FE0F3938CD8}
		{7E575557-2EC3-3E72-AC0F-8A2AFFE876EF} = {7E575557-2EC3-3E72-AC0F-8A2AFFE876EF}
	EndProjectSection
EndProject
Project("{8BC9CEB8-8B4A-11D0-8D11-00A0C91BC942}") = "INSTALL", "INSTALL.vcxproj", "{99E9A594-6759-370C-B5F4-99D8065BF11C}"
	ProjectSection(ProjectDependencies) = postProject
		{AB0B4B57-74EB-3534-9CC9-F9D03A4F2BA9} = {AB0B4B57-74EB-3534-9CC9-F9D03A4F2BA9}
		{58E51FCE-C4F8-3076-8F6C-4DB52A823663} = {58E51FCE-C4F8-3076-8F6C-4DB52A823663}
	EndProjectSection
EndProject
Project("{8BC9CEB8-8B4A-11D0-8D11-00A0C91BC942}") = "SDL2-static", "3rd-party\SDL2-2.0.8\SDL2-static.vcxproj", "{6F9BE9BD-8BEA-3196-BEBB-0B05DE90A2C8}"
	ProjectSection(ProjectDependencies) = postProject
		{58E51FCE-C4F8-3076-8F6C-4DB52A823663} = {58E51FCE-C4F8-3076-8F6C-4DB52A823663}
	EndProjectSection
EndProject
Project("{8BC9CEB8-8B4A-11D0-8D11-00A0C91BC942}") = "SDL2main", "3rd-party\SDL2-2.0.8\SDL2main.vcxproj", "{417D9F3C-ADC4-3EAF-A8E3-D80B2BF915CA}"
	ProjectSection(ProjectDependencies) = postProject
		{58E51FCE-C4F8-3076-8F6C-4DB52A823663} = {58E51FCE-C4F8-3076-8F6C-4DB52A823663}
	EndProjectSection
EndProject
Project("{8BC9CEB8-8B4A-11D0-8D11-00A0C91BC942}") = "ZERO_CHECK", "ZERO_CHECK.vcxproj", "{58E51FCE-C4F8-3076-8F6C-4DB52A823663}"
	ProjectSection(ProjectDependencies) = postProject
	EndProjectSection
EndProject
Project("{8BC9CEB8-8B4A-11D0-8D11-00A0C91BC942}") = "bin2txt", "bin2txt.vcxproj", "{C80CA176-A31E-3554-8903-60DDCB92DF11}"
	ProjectSection(ProjectDependencies) = postProject
		{58E51FCE-C4F8-3076-8F6C-4DB52A823663} = {58E51FCE-C4F8-3076-8F6C-4DB52A823663}
		{7E575557-2EC3-3E72-AC0F-8A2AFFE876EF} = {7E575557-2EC3-3E72-AC0F-8A2AFFE876EF}
	EndProjectSection
EndProject
Project("{8BC9CEB8-8B4A-11D0-8D11-00A0C91BC942}") = "giflib", "giflib.vcxproj", "{E114A6F6-FF7B-3D8E-87AF-2D91EB5FD7F0}"
	ProjectSection(ProjectDependencies) = postProject
		{58E51FCE-C4F8-3076-8F6C-4DB52A823663} = {58E51FCE-C4F8-3076-8F6C-4DB52A823663}
	EndProjectSection
EndProject
Project("{8BC9CEB8-8B4A-11D0-8D11-00A0C91BC942}") = "lpeg", "lpeg.vcxproj", "{17E83383-D16C-3883-B9F1-27881A2E3417}"
	ProjectSection(ProjectDependencies) = postProject
		{58E51FCE-C4F8-3076-8F6C-4DB52A823663} = {58E51FCE-C4F8-3076-8F6C-4DB52A823663}
	EndProjectSection
EndProject
Project("{8BC9CEB8-8B4A-11D0-8D11-00A0C91BC942}") = "lua", "lua.vcxproj", "{44509769-979D-347F-BDAB-FE67C42761DC}"
	ProjectSection(ProjectDependencies) = postProject
		{58E51FCE-C4F8-3076-8F6C-4DB52A823663} = {58E51FCE-C4F8-3076-8F6C-4DB52A823663}
	EndProjectSection
EndProject
Project("{8BC9CEB8-8B4A-11D0-8D11-00A0C91BC942}") = "sdl-renderer", "sdl-renderer.vcxproj", "{66CF9A9F-A96B-3BBB-8D62-92683E1180CC}"
	ProjectSection(ProjectDependencies) = postProject
		{6F9BE9BD-8BEA-3196-BEBB-0B05DE90A2C8} = {6F9BE9BD-8BEA-3196-BEBB-0B05DE90A2C8}
		{417D9F3C-ADC4-3EAF-A8E3-D80B2BF915CA} = {417D9F3C-ADC4-3EAF-A8E3-D80B2BF915CA}
		{58E51FCE-C4F8-3076-8F6C-4DB52A823663} = {58E51FCE-C4F8-3076-8F6C-4DB52A823663}
		{E114A6F6-FF7B-3D8E-87AF-2D91EB5FD7F0} = {E114A6F6-FF7B-3D8E-87AF-2D91EB5FD7F0}
		{17E83383-D16C-3883-B9F1-27881A2E3417} = {17E83383-D16C-3883-B9F1-27881A2E3417}
		{44509769-979D-347F-BDAB-FE67C42761DC} = {44509769-979D-347F-BDAB-FE67C42761DC}
		{168C788E-4B17-31F4-8242-F32DE90D4231} = {168C788E-4B17-31F4-8242-F32DE90D4231}
		{5BEBD576-45FF-3C38-B792-C8775C07B8E1} = {5BEBD576-45FF-3C38-B792-C8775C07B8E1}
		{BDD2A8C3-F6EF-3D04-8B58-2FE0F3938CD8} = {BDD2A8C3-F6EF-3D04-8B58-2FE0F3938CD8}
	EndProjectSection
EndProject
Project("{8BC9CEB8-8B4A-11D0-8D11-00A0C91BC942}") = "sdlgpu", "sdlgpu.vcxproj", "{884131B0-2211-3F7F-A9E5-2300B6FF04F0}"
	ProjectSection(ProjectDependencies) = postProject
		{58E51FCE-C4F8-3076-8F6C-4DB52A823663} = {58E51FCE-C4F8-3076-8F6C-4DB52A823663}
	EndProjectSection
EndProject
Project("{8BC9CEB8-8B4A-11D0-8D11-00A0C91BC942}") = "sdlnet", "sdlnet.vcxproj", "{F3745B36-2857-31AB-ACA5-A2AD36AFDFA7}"
	ProjectSection(ProjectDependencies) = postProject
		{58E51FCE-C4F8-3076-8F6C-4DB52A823663} = {58E51FCE-C4F8-3076-8F6C-4DB52A823663}
	EndProjectSection
EndProject
Project("{8BC9CEB8-8B4A-11D0-8D11-00A0C91BC942}") = "squirrel", "squirrel.vcxproj", "{168C788E-4B17-31F4-8242-F32DE90D4231}"
	ProjectSection(ProjectDependencies) = postProject
		{58E51FCE-C4F8-3076-8F6C-4DB52A823663} = {58E51FCE-C4F8-3076-8F6C-4DB52A823663}
	EndProjectSection
EndProject
Project("{8BC9CEB8-8B4A-11D0-8D11-00A0C91BC942}") = "tic80", "tic80.vcxproj", "{10074DAA-89D9-3374-851B-B9D4746E947D}"
	ProjectSection(ProjectDependencies) = postProject
		{6F9BE9BD-8BEA-3196-BEBB-0B05DE90A2C8} = {6F9BE9BD-8BEA-3196-BEBB-0B05DE90A2C8}
		{417D9F3C-ADC4-3EAF-A8E3-D80B2BF915CA} = {417D9F3C-ADC4-3EAF-A8E3-D80B2BF915CA}
		{58E51FCE-C4F8-3076-8F6C-4DB52A823663} = {58E51FCE-C4F8-3076-8F6C-4DB52A823663}
		{E114A6F6-FF7B-3D8E-87AF-2D91EB5FD7F0} = {E114A6F6-FF7B-3D8E-87AF-2D91EB5FD7F0}
		{17E83383-D16C-3883-B9F1-27881A2E3417} = {17E83383-D16C-3883-B9F1-27881A2E3417}
		{44509769-979D-347F-BDAB-FE67C42761DC} = {44509769-979D-347F-BDAB-FE67C42761DC}
		{884131B0-2211-3F7F-A9E5-2300B6FF04F0} = {884131B0-2211-3F7F-A9E5-2300B6FF04F0}
		{F3745B36-2857-31AB-ACA5-A2AD36AFDFA7} = {F3745B36-2857-31AB-ACA5-A2AD36AFDFA7}
		{168C788E-4B17-31F4-8242-F32DE90D4231} = {168C788E-4B17-31F4-8242-F32DE90D4231}
		{5BEBD576-45FF-3C38-B792-C8775C07B8E1} = {5BEBD576-45FF-3C38-B792-C8775C07B8E1}
		{7696F1AE-1D57-3FCE-9AC9-854343319883} = {7696F1AE-1D57-3FCE-9AC9-854343319883}
		{BDD2A8C3-F6EF-3D04-8B58-2FE0F3938CD8} = {BDD2A8C3-F6EF-3D04-8B58-2FE0F3938CD8}
		{7E575557-2EC3-3E72-AC0F-8A2AFFE876EF} = {7E575557-2EC3-3E72-AC0F-8A2AFFE876EF}
	EndProjectSection
EndProject
Project("{8BC9CEB8-8B4A-11D0-8D11-00A0C91BC942}") = "tic80core", "tic80core.vcxproj", "{5BEBD576-45FF-3C38-B792-C8775C07B8E1}"
	ProjectSection(ProjectDependencies) = postProject
		{58E51FCE-C4F8-3076-8F6C-4DB52A823663} = {58E51FCE-C4F8-3076-8F6C-4DB52A823663}
		{E114A6F6-FF7B-3D8E-87AF-2D91EB5FD7F0} = {E114A6F6-FF7B-3D8E-87AF-2D91EB5FD7F0}
		{17E83383-D16C-3883-B9F1-27881A2E3417} = {17E83383-D16C-3883-B9F1-27881A2E3417}
		{44509769-979D-347F-BDAB-FE67C42761DC} = {44509769-979D-347F-BDAB-FE67C42761DC}
		{168C788E-4B17-31F4-8242-F32DE90D4231} = {168C788E-4B17-31F4-8242-F32DE90D4231}
		{BDD2A8C3-F6EF-3D04-8B58-2FE0F3938CD8} = {BDD2A8C3-F6EF-3D04-8B58-2FE0F3938CD8}
	EndProjectSection
EndProject
Project("{8BC9CEB8-8B4A-11D0-8D11-00A0C91BC942}") = "tic80lib", "tic80lib.vcxproj", "{7696F1AE-1D57-3FCE-9AC9-854343319883}"
	ProjectSection(ProjectDependencies) = postProject
		{58E51FCE-C4F8-3076-8F6C-4DB52A823663} = {58E51FCE-C4F8-3076-8F6C-4DB52A823663}
		{C80CA176-A31E-3554-8903-60DDCB92DF11} = {C80CA176-A31E-3554-8903-60DDCB92DF11}
		{E114A6F6-FF7B-3D8E-87AF-2D91EB5FD7F0} = {E114A6F6-FF7B-3D8E-87AF-2D91EB5FD7F0}
		{17E83383-D16C-3883-B9F1-27881A2E3417} = {17E83383-D16C-3883-B9F1-27881A2E3417}
		{44509769-979D-347F-BDAB-FE67C42761DC} = {44509769-979D-347F-BDAB-FE67C42761DC}
		{168C788E-4B17-31F4-8242-F32DE90D4231} = {168C788E-4B17-31F4-8242-F32DE90D4231}
		{5BEBD576-45FF-3C38-B792-C8775C07B8E1} = {5BEBD576-45FF-3C38-B792-C8775C07B8E1}
		{BDD2A8C3-F6EF-3D04-8B58-2FE0F3938CD8} = {BDD2A8C3-F6EF-3D04-8B58-2FE0F3938CD8}
		{7E575557-2EC3-3E72-AC0F-8A2AFFE876EF} = {7E575557-2EC3-3E72-AC0F-8A2AFFE876EF}
	EndProjectSection
EndProject
Project("{8BC9CEB8-8B4A-11D0-8D11-00A0C91BC942}") = "tic80pro", "tic80pro.vcxproj", "{59B86A18-062B-3DED-B43A-4F3927B7C359}"
	ProjectSection(ProjectDependencies) = postProject
		{6F9BE9BD-8BEA-3196-BEBB-0B05DE90A2C8} = {6F9BE9BD-8BEA-3196-BEBB-0B05DE90A2C8}
		{417D9F3C-ADC4-3EAF-A8E3-D80B2BF915CA} = {417D9F3C-ADC4-3EAF-A8E3-D80B2BF915CA}
		{58E51FCE-C4F8-3076-8F6C-4DB52A823663} = {58E51FCE-C4F8-3076-8F6C-4DB52A823663}
		{E114A6F6-FF7B-3D8E-87AF-2D91EB5FD7F0} = {E114A6F6-FF7B-3D8E-87AF-2D91EB5FD7F0}
		{17E83383-D16C-3883-B9F1-27881A2E3417} = {17E83383-D16C-3883-B9F1-27881A2E3417}
		{44509769-979D-347F-BDAB-FE67C42761DC} = {44509769-979D-347F-BDAB-FE67C42761DC}
		{884131B0-2211-3F7F-A9E5-2300B6FF04F0} = {884131B0-2211-3F7F-A9E5-2300B6FF04F0}
		{F3745B36-2857-31AB-ACA5-A2AD36AFDFA7} = {F3745B36-2857-31AB-ACA5-A2AD36AFDFA7}
		{168C788E-4B17-31F4-8242-F32DE90D4231} = {168C788E-4B17-31F4-8242-F32DE90D4231}
		{5BEBD576-45FF-3C38-B792-C8775C07B8E1} = {5BEBD576-45FF-3C38-B792-C8775C07B8E1}
		{C8E975DD-A290-3CE2-8BA7-4394AF569AD5} = {C8E975DD-A290-3CE2-8BA7-4394AF569AD5}
		{BDD2A8C3-F6EF-3D04-8B58-2FE0F3938CD8} = {BDD2A8C3-F6EF-3D04-8B58-2FE0F3938CD8}
		{7E575557-2EC3-3E72-AC0F-8A2AFFE876EF} = {7E575557-2EC3-3E72-AC0F-8A2AFFE876EF}
	EndProjectSection
EndProject
Project("{8BC9CEB8-8B4A-11D0-8D11-00A0C91BC942}") = "tic80prolib", "tic80prolib.vcxproj", "{C8E975DD-A290-3CE2-8BA7-4394AF569AD5}"
	ProjectSection(ProjectDependencies) = postProject
		{58E51FCE-C4F8-3076-8F6C-4DB52A823663} = {58E51FCE-C4F8-3076-8F6C-4DB52A823663}
		{C80CA176-A31E-3554-8903-60DDCB92DF11} = {C80CA176-A31E-3554-8903-60DDCB92DF11}
		{E114A6F6-FF7B-3D8E-87AF-2D91EB5FD7F0} = {E114A6F6-FF7B-3D8E-87AF-2D91EB5FD7F0}
		{17E83383-D16C-3883-B9F1-27881A2E3417} = {17E83383-D16C-3883-B9F1-27881A2E3417}
		{44509769-979D-347F-BDAB-FE67C42761DC} = {44509769-979D-347F-BDAB-FE67C42761DC}
		{168C788E-4B17-31F4-8242-F32DE90D4231} = {168C788E-4B17-31F4-8242-F32DE90D4231}
		{5BEBD576-45FF-3C38-B792-C8775C07B8E1} = {5BEBD576-45FF-3C38-B792-C8775C07B8E1}
		{BDD2A8C3-F6EF-3D04-8B58-2FE0F3938CD8} = {BDD2A8C3-F6EF-3D04-8B58-2FE0F3938CD8}
		{7E575557-2EC3-3E72-AC0F-8A2AFFE876EF} = {7E575557-2EC3-3E72-AC0F-8A2AFFE876EF}
	EndProjectSection
EndProject
Project("{8BC9CEB8-8B4A-11D0-8D11-00A0C91BC942}") = "uninstall", "3rd-party\SDL2-2.0.8\uninstall.vcxproj", "{4822EEC2-F948-3B8F-B2C5-7AA01206A524}"
	ProjectSection(ProjectDependencies) = postProject
		{58E51FCE-C4F8-3076-8F6C-4DB52A823663} = {58E51FCE-C4F8-3076-8F6C-4DB52A823663}
	EndProjectSection
EndProject
Project("{8BC9CEB8-8B4A-11D0-8D11-00A0C91BC942}") = "wren", "wren.vcxproj", "{BDD2A8C3-F6EF-3D04-8B58-2FE0F3938CD8}"
	ProjectSection(ProjectDependencies) = postProject
		{58E51FCE-C4F8-3076-8F6C-4DB52A823663} = {58E51FCE-C4F8-3076-8F6C-4DB52A823663}
	EndProjectSection
EndProject
Project("{8BC9CEB8-8B4A-11D0-8D11-00A0C91BC942}") = "zlib", "zlib.vcxproj", "{7E575557-2EC3-3E72-AC0F-8A2AFFE876EF}"
	ProjectSection(ProjectDependencies) = postProject
		{58E51FCE-C4F8-3076-8F6C-4DB52A823663} = {58E51FCE-C4F8-3076-8F6C-4DB52A823663}
	EndProjectSection
EndProject
Global
	GlobalSection(SolutionConfigurationPlatforms) = preSolution
		Debug|x64 = Debug|x64
		Release|x64 = Release|x64
		MinSizeRel|x64 = MinSizeRel|x64
		RelWithDebInfo|x64 = RelWithDebInfo|x64
	EndGlobalSection
	GlobalSection(ProjectConfigurationPlatforms) = postSolution
		{AB0B4B57-74EB-3534-9CC9-F9D03A4F2BA9}.Debug|x64.ActiveCfg = Debug|x64
		{AB0B4B57-74EB-3534-9CC9-F9D03A4F2BA9}.Debug|x64.Build.0 = Debug|x64
		{AB0B4B57-74EB-3534-9CC9-F9D03A4F2BA9}.Release|x64.ActiveCfg = Release|x64
		{AB0B4B57-74EB-3534-9CC9-F9D03A4F2BA9}.Release|x64.Build.0 = Release|x64
		{AB0B4B57-74EB-3534-9CC9-F9D03A4F2BA9}.MinSizeRel|x64.ActiveCfg = MinSizeRel|x64
		{AB0B4B57-74EB-3534-9CC9-F9D03A4F2BA9}.MinSizeRel|x64.Build.0 = MinSizeRel|x64
		{AB0B4B57-74EB-3534-9CC9-F9D03A4F2BA9}.RelWithDebInfo|x64.ActiveCfg = RelWithDebInfo|x64
		{AB0B4B57-74EB-3534-9CC9-F9D03A4F2BA9}.RelWithDebInfo|x64.Build.0 = RelWithDebInfo|x64
		{99E9A594-6759-370C-B5F4-99D8065BF11C}.Debug|x64.ActiveCfg = Debug|x64
		{99E9A594-6759-370C-B5F4-99D8065BF11C}.Release|x64.ActiveCfg = Release|x64
		{99E9A594-6759-370C-B5F4-99D8065BF11C}.MinSizeRel|x64.ActiveCfg = MinSizeRel|x64
		{99E9A594-6759-370C-B5F4-99D8065BF11C}.RelWithDebInfo|x64.ActiveCfg = RelWithDebInfo|x64
		{6F9BE9BD-8BEA-3196-BEBB-0B05DE90A2C8}.Debug|x64.ActiveCfg = Debug|x64
		{6F9BE9BD-8BEA-3196-BEBB-0B05DE90A2C8}.Debug|x64.Build.0 = Debug|x64
		{6F9BE9BD-8BEA-3196-BEBB-0B05DE90A2C8}.Release|x64.ActiveCfg = Release|x64
		{6F9BE9BD-8BEA-3196-BEBB-0B05DE90A2C8}.Release|x64.Build.0 = Release|x64
		{6F9BE9BD-8BEA-3196-BEBB-0B05DE90A2C8}.MinSizeRel|x64.ActiveCfg = MinSizeRel|x64
		{6F9BE9BD-8BEA-3196-BEBB-0B05DE90A2C8}.MinSizeRel|x64.Build.0 = MinSizeRel|x64
		{6F9BE9BD-8BEA-3196-BEBB-0B05DE90A2C8}.RelWithDebInfo|x64.ActiveCfg = RelWithDebInfo|x64
		{6F9BE9BD-8BEA-3196-BEBB-0B05DE90A2C8}.RelWithDebInfo|x64.Build.0 = RelWithDebInfo|x64
		{417D9F3C-ADC4-3EAF-A8E3-D80B2BF915CA}.Debug|x64.ActiveCfg = Debug|x64
		{417D9F3C-ADC4-3EAF-A8E3-D80B2BF915CA}.Debug|x64.Build.0 = Debug|x64
		{417D9F3C-ADC4-3EAF-A8E3-D80B2BF915CA}.Release|x64.ActiveCfg = Release|x64
		{417D9F3C-ADC4-3EAF-A8E3-D80B2BF915CA}.Release|x64.Build.0 = Release|x64
		{417D9F3C-ADC4-3EAF-A8E3-D80B2BF915CA}.MinSizeRel|x64.ActiveCfg = MinSizeRel|x64
		{417D9F3C-ADC4-3EAF-A8E3-D80B2BF915CA}.MinSizeRel|x64.Build.0 = MinSizeRel|x64
		{417D9F3C-ADC4-3EAF-A8E3-D80B2BF915CA}.RelWithDebInfo|x64.ActiveCfg = RelWithDebInfo|x64
		{417D9F3C-ADC4-3EAF-A8E3-D80B2BF915CA}.RelWithDebInfo|x64.Build.0 = RelWithDebInfo|x64
		{58E51FCE-C4F8-3076-8F6C-4DB52A823663}.Debug|x64.ActiveCfg = Debug|x64
		{58E51FCE-C4F8-3076-8F6C-4DB52A823663}.Debug|x64.Build.0 = Debug|x64
		{58E51FCE-C4F8-3076-8F6C-4DB52A823663}.Release|x64.ActiveCfg = Release|x64
		{58E51FCE-C4F8-3076-8F6C-4DB52A823663}.Release|x64.Build.0 = Release|x64
		{58E51FCE-C4F8-3076-8F6C-4DB52A823663}.MinSizeRel|x64.ActiveCfg = MinSizeRel|x64
		{58E51FCE-C4F8-3076-8F6C-4DB52A823663}.MinSizeRel|x64.Build.0 = MinSizeRel|x64
		{58E51FCE-C4F8-3076-8F6C-4DB52A823663}.RelWithDebInfo|x64.ActiveCfg = RelWithDebInfo|x64
		{58E51FCE-C4F8-3076-8F6C-4DB52A823663}.RelWithDebInfo|x64.Build.0 = RelWithDebInfo|x64
		{C80CA176-A31E-3554-8903-60DDCB92DF11}.Debug|x64.ActiveCfg = Debug|x64
		{C80CA176-A31E-3554-8903-60DDCB92DF11}.Debug|x64.Build.0 = Debug|x64
		{C80CA176-A31E-3554-8903-60DDCB92DF11}.Release|x64.ActiveCfg = Release|x64
		{C80CA176-A31E-3554-8903-60DDCB92DF11}.Release|x64.Build.0 = Release|x64
		{C80CA176-A31E-3554-8903-60DDCB92DF11}.MinSizeRel|x64.ActiveCfg = MinSizeRel|x64
		{C80CA176-A31E-3554-8903-60DDCB92DF11}.MinSizeRel|x64.Build.0 = MinSizeRel|x64
		{C80CA176-A31E-3554-8903-60DDCB92DF11}.RelWithDebInfo|x64.ActiveCfg = RelWithDebInfo|x64
		{C80CA176-A31E-3554-8903-60DDCB92DF11}.RelWithDebInfo|x64.Build.0 = RelWithDebInfo|x64
		{E114A6F6-FF7B-3D8E-87AF-2D91EB5FD7F0}.Debug|x64.ActiveCfg = Debug|x64
		{E114A6F6-FF7B-3D8E-87AF-2D91EB5FD7F0}.Debug|x64.Build.0 = Debug|x64
		{E114A6F6-FF7B-3D8E-87AF-2D91EB5FD7F0}.Release|x64.ActiveCfg = Release|x64
		{E114A6F6-FF7B-3D8E-87AF-2D91EB5FD7F0}.Release|x64.Build.0 = Release|x64
		{E114A6F6-FF7B-3D8E-87AF-2D91EB5FD7F0}.MinSizeRel|x64.ActiveCfg = MinSizeRel|x64
		{E114A6F6-FF7B-3D8E-87AF-2D91EB5FD7F0}.MinSizeRel|x64.Build.0 = MinSizeRel|x64
		{E114A6F6-FF7B-3D8E-87AF-2D91EB5FD7F0}.RelWithDebInfo|x64.ActiveCfg = RelWithDebInfo|x64
		{E114A6F6-FF7B-3D8E-87AF-2D91EB5FD7F0}.RelWithDebInfo|x64.Build.0 = RelWithDebInfo|x64
		{17E83383-D16C-3883-B9F1-27881A2E3417}.Debug|x64.ActiveCfg = Debug|x64
		{17E83383-D16C-3883-B9F1-27881A2E3417}.Debug|x64.Build.0 = Debug|x64
		{17E83383-D16C-3883-B9F1-27881A2E3417}.Release|x64.ActiveCfg = Release|x64
		{17E83383-D16C-3883-B9F1-27881A2E3417}.Release|x64.Build.0 = Release|x64
		{17E83383-D16C-3883-B9F1-27881A2E3417}.MinSizeRel|x64.ActiveCfg = MinSizeRel|x64
		{17E83383-D16C-3883-B9F1-27881A2E3417}.MinSizeRel|x64.Build.0 = MinSizeRel|x64
		{17E83383-D16C-3883-B9F1-27881A2E3417}.RelWithDebInfo|x64.ActiveCfg = RelWithDebInfo|x64
		{17E83383-D16C-3883-B9F1-27881A2E3417}.RelWithDebInfo|x64.Build.0 = RelWithDebInfo|x64
		{44509769-979D-347F-BDAB-FE67C42761DC}.Debug|x64.ActiveCfg = Debug|x64
		{44509769-979D-347F-BDAB-FE67C42761DC}.Debug|x64.Build.0 = Debug|x64
		{44509769-979D-347F-BDAB-FE67C42761DC}.Release|x64.ActiveCfg = Release|x64
		{44509769-979D-347F-BDAB-FE67C42761DC}.Release|x64.Build.0 = Release|x64
		{44509769-979D-347F-BDAB-FE67C42761DC}.MinSizeRel|x64.ActiveCfg = MinSizeRel|x64
		{44509769-979D-347F-BDAB-FE67C42761DC}.MinSizeRel|x64.Build.0 = MinSizeRel|x64
		{44509769-979D-347F-BDAB-FE67C42761DC}.RelWithDebInfo|x64.ActiveCfg = RelWithDebInfo|x64
		{44509769-979D-347F-BDAB-FE67C42761DC}.RelWithDebInfo|x64.Build.0 = RelWithDebInfo|x64
		{66CF9A9F-A96B-3BBB-8D62-92683E1180CC}.Debug|x64.ActiveCfg = Debug|x64
		{66CF9A9F-A96B-3BBB-8D62-92683E1180CC}.Debug|x64.Build.0 = Debug|x64
		{66CF9A9F-A96B-3BBB-8D62-92683E1180CC}.Release|x64.ActiveCfg = Release|x64
		{66CF9A9F-A96B-3BBB-8D62-92683E1180CC}.Release|x64.Build.0 = Release|x64
		{66CF9A9F-A96B-3BBB-8D62-92683E1180CC}.MinSizeRel|x64.ActiveCfg = MinSizeRel|x64
		{66CF9A9F-A96B-3BBB-8D62-92683E1180CC}.MinSizeRel|x64.Build.0 = MinSizeRel|x64
		{66CF9A9F-A96B-3BBB-8D62-92683E1180CC}.RelWithDebInfo|x64.ActiveCfg = RelWithDebInfo|x64
		{66CF9A9F-A96B-3BBB-8D62-92683E1180CC}.RelWithDebInfo|x64.Build.0 = RelWithDebInfo|x64
		{884131B0-2211-3F7F-A9E5-2300B6FF04F0}.Debug|x64.ActiveCfg = Debug|x64
		{884131B0-2211-3F7F-A9E5-2300B6FF04F0}.Debug|x64.Build.0 = Debug|x64
		{884131B0-2211-3F7F-A9E5-2300B6FF04F0}.Release|x64.ActiveCfg = Release|x64
		{884131B0-2211-3F7F-A9E5-2300B6FF04F0}.Release|x64.Build.0 = Release|x64
		{884131B0-2211-3F7F-A9E5-2300B6FF04F0}.MinSizeRel|x64.ActiveCfg = MinSizeRel|x64
		{884131B0-2211-3F7F-A9E5-2300B6FF04F0}.MinSizeRel|x64.Build.0 = MinSizeRel|x64
		{884131B0-2211-3F7F-A9E5-2300B6FF04F0}.RelWithDebInfo|x64.ActiveCfg = RelWithDebInfo|x64
		{884131B0-2211-3F7F-A9E5-2300B6FF04F0}.RelWithDebInfo|x64.Build.0 = RelWithDebInfo|x64
		{F3745B36-2857-31AB-ACA5-A2AD36AFDFA7}.Debug|x64.ActiveCfg = Debug|x64
		{F3745B36-2857-31AB-ACA5-A2AD36AFDFA7}.Debug|x64.Build.0 = Debug|x64
		{F3745B36-2857-31AB-ACA5-A2AD36AFDFA7}.Release|x64.ActiveCfg = Release|x64
		{F3745B36-2857-31AB-ACA5-A2AD36AFDFA7}.Release|x64.Build.0 = Release|x64
		{F3745B36-2857-31AB-ACA5-A2AD36AFDFA7}.MinSizeRel|x64.ActiveCfg = MinSizeRel|x64
		{F3745B36-2857-31AB-ACA5-A2AD36AFDFA7}.MinSizeRel|x64.Build.0 = MinSizeRel|x64
		{F3745B36-2857-31AB-ACA5-A2AD36AFDFA7}.RelWithDebInfo|x64.ActiveCfg = RelWithDebInfo|x64
		{F3745B36-2857-31AB-ACA5-A2AD36AFDFA7}.RelWithDebInfo|x64.Build.0 = RelWithDebInfo|x64
		{168C788E-4B17-31F4-8242-F32DE90D4231}.Debug|x64.ActiveCfg = Debug|x64
		{168C788E-4B17-31F4-8242-F32DE90D4231}.Debug|x64.Build.0 = Debug|x64
		{168C788E-4B17-31F4-8242-F32DE90D4231}.Release|x64.ActiveCfg = Release|x64
		{168C788E-4B17-31F4-8242-F32DE90D4231}.Release|x64.Build.0 = Release|x64
		{168C788E-4B17-31F4-8242-F32DE90D4231}.MinSizeRel|x64.ActiveCfg = MinSizeRel|x64
		{168C788E-4B17-31F4-8242-F32DE90D4231}.MinSizeRel|x64.Build.0 = MinSizeRel|x64
		{168C788E-4B17-31F4-8242-F32DE90D4231}.RelWithDebInfo|x64.ActiveCfg = RelWithDebInfo|x64
		{168C788E-4B17-31F4-8242-F32DE90D4231}.RelWithDebInfo|x64.Build.0 = RelWithDebInfo|x64
		{10074DAA-89D9-3374-851B-B9D4746E947D}.Debug|x64.ActiveCfg = Debug|x64
		{10074DAA-89D9-3374-851B-B9D4746E947D}.Debug|x64.Build.0 = Debug|x64
		{10074DAA-89D9-3374-851B-B9D4746E947D}.Release|x64.ActiveCfg = Release|x64
		{10074DAA-89D9-3374-851B-B9D4746E947D}.Release|x64.Build.0 = Release|x64
		{10074DAA-89D9-3374-851B-B9D4746E947D}.MinSizeRel|x64.ActiveCfg = MinSizeRel|x64
		{10074DAA-89D9-3374-851B-B9D4746E947D}.MinSizeRel|x64.Build.0 = MinSizeRel|x64
		{10074DAA-89D9-3374-851B-B9D4746E947D}.RelWithDebInfo|x64.ActiveCfg = RelWithDebInfo|x64
		{10074DAA-89D9-3374-851B-B9D4746E947D}.RelWithDebInfo|x64.Build.0 = RelWithDebInfo|x64
		{5BEBD576-45FF-3C38-B792-C8775C07B8E1}.Debug|x64.ActiveCfg = Debug|x64
		{5BEBD576-45FF-3C38-B792-C8775C07B8E1}.Debug|x64.Build.0 = Debug|x64
		{5BEBD576-45FF-3C38-B792-C8775C07B8E1}.Release|x64.ActiveCfg = Release|x64
		{5BEBD576-45FF-3C38-B792-C8775C07B8E1}.Release|x64.Build.0 = Release|x64
		{5BEBD576-45FF-3C38-B792-C8775C07B8E1}.MinSizeRel|x64.ActiveCfg = MinSizeRel|x64
		{5BEBD576-45FF-3C38-B792-C8775C07B8E1}.MinSizeRel|x64.Build.0 = MinSizeRel|x64
		{5BEBD576-45FF-3C38-B792-C8775C07B8E1}.RelWithDebInfo|x64.ActiveCfg = RelWithDebInfo|x64
		{5BEBD576-45FF-3C38-B792-C8775C07B8E1}.RelWithDebInfo|x64.Build.0 = RelWithDebInfo|x64
		{7696F1AE-1D57-3FCE-9AC9-854343319883}.Debug|x64.ActiveCfg = Debug|x64
		{7696F1AE-1D57-3FCE-9AC9-854343319883}.Debug|x64.Build.0 = Debug|x64
		{7696F1AE-1D57-3FCE-9AC9-854343319883}.Release|x64.ActiveCfg = Release|x64
		{7696F1AE-1D57-3FCE-9AC9-854343319883}.Release|x64.Build.0 = Release|x64
		{7696F1AE-1D57-3FCE-9AC9-854343319883}.MinSizeRel|x64.ActiveCfg = MinSizeRel|x64
		{7696F1AE-1D57-3FCE-9AC9-854343319883}.MinSizeRel|x64.Build.0 = MinSizeRel|x64
		{7696F1AE-1D57-3FCE-9AC9-854343319883}.RelWithDebInfo|x64.ActiveCfg = RelWithDebInfo|x64
		{7696F1AE-1D57-3FCE-9AC9-854343319883}.RelWithDebInfo|x64.Build.0 = RelWithDebInfo|x64
		{59B86A18-062B-3DED-B43A-4F3927B7C359}.Debug|x64.ActiveCfg = Debug|x64
		{59B86A18-062B-3DED-B43A-4F3927B7C359}.Debug|x64.Build.0 = Debug|x64
		{59B86A18-062B-3DED-B43A-4F3927B7C359}.Release|x64.ActiveCfg = Release|x64
		{59B86A18-062B-3DED-B43A-4F3927B7C359}.Release|x64.Build.0 = Release|x64
		{59B86A18-062B-3DED-B43A-4F3927B7C359}.MinSizeRel|x64.ActiveCfg = MinSizeRel|x64
		{59B86A18-062B-3DED-B43A-4F3927B7C359}.MinSizeRel|x64.Build.0 = MinSizeRel|x64
		{59B86A18-062B-3DED-B43A-4F3927B7C359}.RelWithDebInfo|x64.ActiveCfg = RelWithDebInfo|x64
		{59B86A18-062B-3DED-B43A-4F3927B7C359}.RelWithDebInfo|x64.Build.0 = RelWithDebInfo|x64
		{C8E975DD-A290-3CE2-8BA7-4394AF569AD5}.Debug|x64.ActiveCfg = Debug|x64
		{C8E975DD-A290-3CE2-8BA7-4394AF569AD5}.Debug|x64.Build.0 = Debug|x64
		{C8E975DD-A290-3CE2-8BA7-4394AF569AD5}.Release|x64.ActiveCfg = Release|x64
		{C8E975DD-A290-3CE2-8BA7-4394AF569AD5}.Release|x64.Build.0 = Release|x64
		{C8E975DD-A290-3CE2-8BA7-4394AF569AD5}.MinSizeRel|x64.ActiveCfg = MinSizeRel|x64
		{C8E975DD-A290-3CE2-8BA7-4394AF569AD5}.MinSizeRel|x64.Build.0 = MinSizeRel|x64
		{C8E975DD-A290-3CE2-8BA7-4394AF569AD5}.RelWithDebInfo|x64.ActiveCfg = RelWithDebInfo|x64
		{C8E975DD-A290-3CE2-8BA7-4394AF569AD5}.RelWithDebInfo|x64.Build.0 = RelWithDebInfo|x64
		{4822EEC2-F948-3B8F-B2C5-7AA01206A524}.Debug|x64.ActiveCfg = Debug|x64
		{4822EEC2-F948-3B8F-B2C5-7AA01206A524}.Release|x64.ActiveCfg = Release|x64
		{4822EEC2-F948-3B8F-B2C5-7AA01206A524}.MinSizeRel|x64.ActiveCfg = MinSizeRel|x64
		{4822EEC2-F948-3B8F-B2C5-7AA01206A524}.RelWithDebInfo|x64.ActiveCfg = RelWithDebInfo|x64
		{BDD2A8C3-F6EF-3D04-8B58-2FE0F3938CD8}.Debug|x64.ActiveCfg = Debug|x64
		{BDD2A8C3-F6EF-3D04-8B58-2FE0F3938CD8}.Debug|x64.Build.0 = Debug|x64
		{BDD2A8C3-F6EF-3D04-8B58-2FE0F3938CD8}.Release|x64.ActiveCfg = Release|x64
		{BDD2A8C3-F6EF-3D04-8B58-2FE0F3938CD8}.Release|x64.Build.0 = Release|x64
		{BDD2A8C3-F6EF-3D04-8B58-2FE0F3938CD8}.MinSizeRel|x64.ActiveCfg = MinSizeRel|x64
		{BDD2A8C3-F6EF-3D04-8B58-2FE0F3938CD8}.MinSizeRel|x64.Build.0 = MinSizeRel|x64
		{BDD2A8C3-F6EF-3D04-8B58-2FE0F3938CD8}.RelWithDebInfo|x64.ActiveCfg = RelWithDebInfo|x64
		{BDD2A8C3-F6EF-3D04-8B58-2FE0F3938CD8}.RelWithDebInfo|x64.Build.0 = RelWithDebInfo|x64
		{7E575557-2EC3-3E72-AC0F-8A2AFFE876EF}.Debug|x64.ActiveCfg = Debug|x64
		{7E575557-2EC3-3E72-AC0F-8A2AFFE876EF}.Debug|x64.Build.0 = Debug|x64
		{7E575557-2EC3-3E72-AC0F-8A2AFFE876EF}.Release|x64.ActiveCfg = Release|x64
		{7E575557-2EC3-3E72-AC0F-8A2AFFE876EF}.Release|x64.Build.0 = Release|x64
		{7E575557-2EC3-3E72-AC0F-8A2AFFE876EF}.MinSizeRel|x64.ActiveCfg = MinSizeRel|x64
		{7E575557-2EC3-3E72-AC0F-8A2AFFE876EF}.MinSizeRel|x64.Build.0 = MinSizeRel|x64
		{7E575557-2EC3-3E72-AC0F-8A2AFFE876EF}.RelWithDebInfo|x64.ActiveCfg = RelWithDebInfo|x64
		{7E575557-2EC3-3E72-AC0F-8A2AFFE876EF}.RelWithDebInfo|x64.Build.0 = RelWithDebInfo|x64
	EndGlobalSection
	GlobalSection(ExtensibilityGlobals) = postSolution
		SolutionGuid = {EB9D92A3-4B11-3D20-B845-A5803213F1CC}
	EndGlobalSection
	GlobalSection(ExtensibilityAddIns) = postSolution
	EndGlobalSection
EndGlobal
