<?xml version="1.0" encoding="utf-8"?>
<Project ToolsVersion="15.0" xmlns="http://schemas.microsoft.com/developer/msbuild/2003">
  <ItemGroup>
    <ClCompile Include="C:\Users\marc\workspace\TIC-80\3rd-party\zlib-1.2.11\adler32.c">
      <Filter>Source Files</Filter>
    </ClCompile>
    <ClCompile Include="C:\Users\marc\workspace\TIC-80\3rd-party\zlib-1.2.11\compress.c">
      <Filter>Source Files</Filter>
    </ClCompile>
    <ClCompile Include="C:\Users\marc\workspace\TIC-80\3rd-party\zlib-1.2.11\crc32.c">
      <Filter>Source Files</Filter>
    </ClCompile>
    <ClCompile Include="C:\Users\marc\workspace\TIC-80\3rd-party\zlib-1.2.11\deflate.c">
      <Filter>Source Files</Filter>
    </ClCompile>
    <ClCompile Include="C:\Users\marc\workspace\TIC-80\3rd-party\zlib-1.2.11\inflate.c">
      <Filter>Source Files</Filter>
    </ClCompile>
    <ClCompile Include="C:\Users\marc\workspace\TIC-80\3rd-party\zlib-1.2.11\infback.c">
      <Filter>Source Files</Filter>
    </ClCompile>
    <ClCompile Include="C:\Users\marc\workspace\TIC-80\3rd-party\zlib-1.2.11\inftrees.c">
      <Filter>Source Files</Filter>
    </ClCompile>
    <ClCompile Include="C:\Users\marc\workspace\TIC-80\3rd-party\zlib-1.2.11\inffast.c">
      <Filter>Source Files</Filter>
    </ClCompile>
    <ClCompile Include="C:\Users\marc\workspace\TIC-80\3rd-party\zlib-1.2.11\trees.c">
      <Filter>Source Files</Filter>
    </ClCompile>
    <ClCompile Include="C:\Users\marc\workspace\TIC-80\3rd-party\zlib-1.2.11\uncompr.c">
      <Filter>Source Files</Filter>
    </ClCompile>
    <ClCompile Include="C:\Users\marc\workspace\TIC-80\3rd-party\zlib-1.2.11\zutil.c">
      <Filter>Source Files</Filter>
    </ClCompile>
  </ItemGroup>
  <ItemGroup>
    <CustomBuild Include="C:\Users\marc\workspace\TIC-80\CMakeLists.txt" />
  </ItemGroup>
  <ItemGroup>
    <Filter Include="Source Files">
      <UniqueIdentifier>{0112ABD4-F4F1-3F41-9B72-2C3C69B44F6F}</UniqueIdentifier>
    </Filter>
  </ItemGroup>
</Project>
